
Microsoft Visual Studio Solution File, Format Version 12.00
# Visual Studio Version 17
VisualStudioVersion = 17.1.32210.238
MinimumVisualStudioVersion = 10.0.40219.1
Project("{FAE04EC0-301F-11D3-BF4B-00C04F79EFBC}") = "Generations.ObjectModel", "Generations.ObjectModel\Generations.ObjectModel.csproj", "{49C1A210-6204-461A-9DEE-5218C2239B74}"
EndProject
Project("{FAE04EC0-301F-11D3-BF4B-00C04F79EFBC}") = "Generations.Tests", "Generations.Tests\Generations.Tests.csproj", "{623F9A23-DACD-4F63-9845-08606C0C6F1E}"
EndProject
Project("{FAE04EC0-301F-11D3-BF4B-00C04F79EFBC}") = "Generations", "Generations\Generations.csproj", "{746BA805-090C-424F-8EB2-75D79A1C449F}"
EndProject
Project("{FAE04EC0-301F-11D3-BF4B-00C04F79EFBC}") = "Generations.Data", "Generations.Data\Generations.Data.csproj", "{0D99D8E2-ACC5-4227-9DFD-C78BE2CB72A6}"
EndProject
Project("{FAE04EC0-301F-11D3-BF4B-00C04F79EFBC}") = "Generations.Core", "Generations.Core\Generations.Core.csproj", "{208E5FE4-F2D7-4538-9D17-35C050BEE093}"
EndProject
Global
	GlobalSection(SolutionConfigurationPlatforms) = preSolution
		Debug|Any CPU = Debug|Any CPU
		Release|Any CPU = Release|Any CPU
	EndGlobalSection
	GlobalSection(ProjectConfigurationPlatforms) = postSolution
		{49C1A210-6204-461A-9DEE-5218C2239B74}.Debug|Any CPU.ActiveCfg = Debug|Any CPU
		{49C1A210-6204-461A-9DEE-5218C2239B74}.Debug|Any CPU.Build.0 = Debug|Any CPU
		{49C1A210-6204-461A-9DEE-5218C2239B74}.Release|Any CPU.ActiveCfg = Release|Any CPU
		{49C1A210-6204-461A-9DEE-5218C2239B74}.Release|Any CPU.Build.0 = Release|Any CPU
		{623F9A23-DACD-4F63-9845-08606C0C6F1E}.Debug|Any CPU.ActiveCfg = Debug|Any CPU
		{623F9A23-DACD-4F63-9845-08606C0C6F1E}.Debug|Any CPU.Build.0 = Debug|Any CPU
		{623F9A23-DACD-4F63-9845-08606C0C6F1E}.Release|Any CPU.ActiveCfg = Release|Any CPU
		{623F9A23-DACD-4F63-9845-08606C0C6F1E}.Release|Any CPU.Build.0 = Release|Any CPU
		{746BA805-090C-424F-8EB2-75D79A1C449F}.Debug|Any CPU.ActiveCfg = Debug|Any CPU
		{746BA805-090C-424F-8EB2-75D79A1C449F}.Debug|Any CPU.Build.0 = Debug|Any CPU
		{746BA805-090C-424F-8EB2-75D79A1C449F}.Release|Any CPU.ActiveCfg = Release|Any CPU
		{746BA805-090C-424F-8EB2-75D79A1C449F}.Release|Any CPU.Build.0 = Release|Any CPU
		{0D99D8E2-ACC5-4227-9DFD-C78BE2CB72A6}.Debug|Any CPU.ActiveCfg = Debug|Any CPU
		{0D99D8E2-ACC5-4227-9DFD-C78BE2CB72A6}.Debug|Any CPU.Build.0 = Debug|Any CPU
		{0D99D8E2-ACC5-4227-9DFD-C78BE2CB72A6}.Release|Any CPU.ActiveCfg = Release|Any CPU
		{0D99D8E2-ACC5-4227-9DFD-C78BE2CB72A6}.Release|Any CPU.Build.0 = Release|Any CPU
		{208E5FE4-F2D7-4538-9D17-35C050BEE093}.Debug|Any CPU.ActiveCfg = Debug|Any CPU
		{208E5FE4-F2D7-4538-9D17-35C050BEE093}.Debug|Any CPU.Build.0 = Debug|Any CPU
		{208E5FE4-F2D7-4538-9D17-35C050BEE093}.Release|Any CPU.ActiveCfg = Release|Any CPU
		{208E5FE4-F2D7-4538-9D17-35C050BEE093}.Release|Any CPU.Build.0 = Release|Any CPU
	EndGlobalSection
	GlobalSection(SolutionProperties) = preSolution
		HideSolutionNode = FALSE
	EndGlobalSection
	GlobalSection(ExtensibilityGlobals) = postSolution
		SolutionGuid = {EF3642C4-A79C-48C0-A675-8B3ADCE5ADB2}
	EndGlobalSection
EndGlobal
